
Microsoft Visual Studio Solution File, Format Version 12.00
# Visual Studio Version 16
VisualStudioVersion = 16.0.31129.286
MinimumVisualStudioVersion = 10.0.40219.1
Project("{F2A71F9B-5D33-465A-A702-920D77279786}") = "LinuxCmdServer", "LinuxCmdServer\LinuxCmdServer.fsproj", "{B95D6D43-D8AF-4E8E-ABEF-62B7235564A3}"
EndProject
Global
	GlobalSection(SolutionConfigurationPlatforms) = preSolution
		Debug|Any CPU = Debug|Any CPU
		Release|Any CPU = Release|Any CPU
	EndGlobalSection
	GlobalSection(ProjectConfigurationPlatforms) = postSolution
		{B95D6D43-D8AF-4E8E-ABEF-62B7235564A3}.Debug|Any CPU.ActiveCfg = Debug|Any CPU
		{B95D6D43-D8AF-4E8E-ABEF-62B7235564A3}.Debug|Any CPU.Build.0 = Debug|Any CPU
		{B95D6D43-D8AF-4E8E-ABEF-62B7235564A3}.Release|Any CPU.ActiveCfg = Release|Any CPU
		{B95D6D43-D8AF-4E8E-ABEF-62B7235564A3}.Release|Any CPU.Build.0 = Release|Any CPU
	EndGlobalSection
	GlobalSection(SolutionProperties) = preSolution
		HideSolutionNode = FALSE
	EndGlobalSection
	GlobalSection(ExtensibilityGlobals) = postSolution
		SolutionGuid = {04ED5E27-666E-4B4F-881A-5FE3676B68FF}
	EndGlobalSection
EndGlobal
