<?xml version="1.0" encoding="utf-8"?>
<Project ToolsVersion="4.0" xmlns="http://schemas.microsoft.com/developer/msbuild/2003">
  <ItemGroup>
    <ClInclude Include="pch.h" />
    <ClInclude Include="framework.h" />
    <ClInclude Include="CCAntiCheat.h" />
    <ClInclude Include="ChatColor.h" />
    <ClInclude Include="Receivers.h" />
    <ClInclude Include="LuckPermsNS.h" />
    <ClInclude Include="BanTypes.h" />
    <ClInclude Include="ConfigHandler.h" />
    <ClInclude Include="var.h" />
    <ClInclude Include="TrueHandler.h" />
  </ItemGroup>
  <ItemGroup>
    <ClCompile Include="pch.cpp" />
    <ClCompile Include="ccanticheat.cpp" />
  </ItemGroup>
  <ItemGroup>
    <None Include="Log.html" />
    <None Include="ACDB.sql" />
  </ItemGroup>
</Project>